// !$*UTF8*$!
{
	archiveVersion = 1;
	classes = {
	};
	objectVersion = 52;
	objects = {

/* Begin PBXBuildFile section */
		881E5AB926A981190077266A /* CardView.swift in Sources */ = {isa = PBXBuildFile; fileRef = 881E5AB826A981190077266A /* CardView.swift */; };
		882D89BC268A1F5B007870F4 /* TopControlView.swift in Sources */ = {isa = PBXBuildFile; fileRef = 882D89BB268A1F5B007870F4 /* TopControlView.swift */; };
		884B732B2698403600BC086B /* RxSwift in Frameworks */ = {isa = PBXBuildFile; productRef = 884B732A2698403600BC086B /* RxSwift */; };
		884B732D2698403600BC086B /* RxCocoa in Frameworks */ = {isa = PBXBuildFile; productRef = 884B732C2698403600BC086B /* RxCocoa */; };
		884B732F2698403600BC086B /* RxRelay in Frameworks */ = {isa = PBXBuildFile; productRef = 884B732E2698403600BC086B /* RxRelay */; };
		884B73492699AF8B00BC086B /* UIView・Extension.swift in Sources */ = {isa = PBXBuildFile; fileRef = 884B73482699AF8B00BC086B /* UIView・Extension.swift */; };
		887DEE0E268A2585003101D9 /* BottomControlView.swift in Sources */ = {isa = PBXBuildFile; fileRef = 887DEE0D268A2585003101D9 /* BottomControlView.swift */; };
		88A3C5DC26BE527B00824FF0 /* UIColor-Extension.swift in Sources */ = {isa = PBXBuildFile; fileRef = 88A3C5DB26BE527B00824FF0 /* UIColor-Extension.swift */; };
		88A3C62426C116B700824FF0 /* CardInfoLabel.swift in Sources */ = {isa = PBXBuildFile; fileRef = 88A3C62326C116B700824FF0 /* CardInfoLabel.swift */; };
		88A3C62626C17D3F00824FF0 /* UIButton-Extension.swift in Sources */ = {isa = PBXBuildFile; fileRef = 88A3C62526C17D3F00824FF0 /* UIButton-Extension.swift */; };
		88A3C62826C17F1800824FF0 /* CardImageView.swift in Sources */ = {isa = PBXBuildFile; fileRef = 88A3C62726C17F1800824FF0 /* CardImageView.swift */; };
		88A93D3D2696E3AE009F3CEE /* UIImage-Extension.swift in Sources */ = {isa = PBXBuildFile; fileRef = 88A93D3C2696E3AE009F3CEE /* UIImage-Extension.swift */; };
		88B57A6F26872DD40014D9C4 /* AppDelegate.swift in Sources */ = {isa = PBXBuildFile; fileRef = 88B57A6E26872DD40014D9C4 /* AppDelegate.swift */; };
		88B57A7126872DD40014D9C4 /* SceneDelegate.swift in Sources */ = {isa = PBXBuildFile; fileRef = 88B57A7026872DD40014D9C4 /* SceneDelegate.swift */; };
		88B57A7326872DD40014D9C4 /* HomeViewController.swift in Sources */ = {isa = PBXBuildFile; fileRef = 88B57A7226872DD40014D9C4 /* HomeViewController.swift */; };
		88B57A7826872DD50014D9C4 /* Assets.xcassets in Resources */ = {isa = PBXBuildFile; fileRef = 88B57A7726872DD50014D9C4 /* Assets.xcassets */; };
		88B57A7B26872DD50014D9C4 /* LaunchScreen.storyboard in Resources */ = {isa = PBXBuildFile; fileRef = 88B57A7926872DD50014D9C4 /* LaunchScreen.storyboard */; };
/* End PBXBuildFile section */

/* Begin PBXFileReference section */
		881E5AB826A981190077266A /* CardView.swift */ = {isa = PBXFileReference; lastKnownFileType = sourcecode.swift; path = CardView.swift; sourceTree = "<group>"; };
		882D89BB268A1F5B007870F4 /* TopControlView.swift */ = {isa = PBXFileReference; lastKnownFileType = sourcecode.swift; path = TopControlView.swift; sourceTree = "<group>"; };
		884B73482699AF8B00BC086B /* UIView・Extension.swift */ = {isa = PBXFileReference; lastKnownFileType = sourcecode.swift; path = "UIView・Extension.swift"; sourceTree = "<group>"; };
		887DEE0D268A2585003101D9 /* BottomControlView.swift */ = {isa = PBXFileReference; lastKnownFileType = sourcecode.swift; path = BottomControlView.swift; sourceTree = "<group>"; };
		88A3C5DB26BE527B00824FF0 /* UIColor-Extension.swift */ = {isa = PBXFileReference; lastKnownFileType = sourcecode.swift; path = "UIColor-Extension.swift"; sourceTree = "<group>"; };
		88A3C62326C116B700824FF0 /* CardInfoLabel.swift */ = {isa = PBXFileReference; lastKnownFileType = sourcecode.swift; path = CardInfoLabel.swift; sourceTree = "<group>"; };
		88A3C62526C17D3F00824FF0 /* UIButton-Extension.swift */ = {isa = PBXFileReference; lastKnownFileType = sourcecode.swift; path = "UIButton-Extension.swift"; sourceTree = "<group>"; };
		88A3C62726C17F1800824FF0 /* CardImageView.swift */ = {isa = PBXFileReference; lastKnownFileType = sourcecode.swift; path = CardImageView.swift; sourceTree = "<group>"; };
		88A93D3C2696E3AE009F3CEE /* UIImage-Extension.swift */ = {isa = PBXFileReference; lastKnownFileType = sourcecode.swift; path = "UIImage-Extension.swift"; sourceTree = "<group>"; };
		88B57A6B26872DD40014D9C4 /* Tinder.app */ = {isa = PBXFileReference; explicitFileType = wrapper.application; includeInIndex = 0; path = Tinder.app; sourceTree = BUILT_PRODUCTS_DIR; };
		88B57A6E26872DD40014D9C4 /* AppDelegate.swift */ = {isa = PBXFileReference; lastKnownFileType = sourcecode.swift; path = AppDelegate.swift; sourceTree = "<group>"; };
		88B57A7026872DD40014D9C4 /* SceneDelegate.swift */ = {isa = PBXFileReference; lastKnownFileType = sourcecode.swift; path = SceneDelegate.swift; sourceTree = "<group>"; };
		88B57A7226872DD40014D9C4 /* HomeViewController.swift */ = {isa = PBXFileReference; lastKnownFileType = sourcecode.swift; path = HomeViewController.swift; sourceTree = "<group>"; };
		88B57A7726872DD50014D9C4 /* Assets.xcassets */ = {isa = PBXFileReference; lastKnownFileType = folder.assetcatalog; path = Assets.xcassets; sourceTree = "<group>"; };
		88B57A7A26872DD50014D9C4 /* Base */ = {isa = PBXFileReference; lastKnownFileType = file.storyboard; name = Base; path = Base.lproj/LaunchScreen.storyboard; sourceTree = "<group>"; };
		88B57A7C26872DD50014D9C4 /* Info.plist */ = {isa = PBXFileReference; lastKnownFileType = text.plist.xml; path = Info.plist; sourceTree = "<group>"; };
/* End PBXFileReference section */

/* Begin PBXFrameworksBuildPhase section */
		88B57A6826872DD40014D9C4 /* Frameworks */ = {
			isa = PBXFrameworksBuildPhase;
			buildActionMask = 2147483647;
			files = (
				884B732F2698403600BC086B /* RxRelay in Frameworks */,
				884B732D2698403600BC086B /* RxCocoa in Frameworks */,
				884B732B2698403600BC086B /* RxSwift in Frameworks */,
			);
			runOnlyForDeploymentPostprocessing = 0;
		};
/* End PBXFrameworksBuildPhase section */

/* Begin PBXGroup section */
		88A93D0D2694BCB4009F3CEE /* image */ = {
			isa = PBXGroup;
			children = (
			);
			path = image;
			sourceTree = "<group>";
		};
		88A93D3B2696E344009F3CEE /* Extesions */ = {
			isa = PBXGroup;
			children = (
				88A93D3C2696E3AE009F3CEE /* UIImage-Extension.swift */,
				884B73482699AF8B00BC086B /* UIView・Extension.swift */,
				88A3C5DB26BE527B00824FF0 /* UIColor-Extension.swift */,
				88A3C62526C17D3F00824FF0 /* UIButton-Extension.swift */,
			);
			path = Extesions;
			sourceTree = "<group>";
		};
		88B57A6226872DD40014D9C4 = {
			isa = PBXGroup;
			children = (
				88A93D3B2696E344009F3CEE /* Extesions */,
				88A93D0D2694BCB4009F3CEE /* image */,
				88B57A852687318A0014D9C4 /* ViewControllers */,
				88B57A82268730F20014D9C4 /* Views */,
				88B57A6D26872DD40014D9C4 /* Tinder */,
				88B57A6C26872DD40014D9C4 /* Products */,
			);
			sourceTree = "<group>";
		};
		88B57A6C26872DD40014D9C4 /* Products */ = {
			isa = PBXGroup;
			children = (
				88B57A6B26872DD40014D9C4 /* Tinder.app */,
			);
			name = Products;
			sourceTree = "<group>";
		};
		88B57A6D26872DD40014D9C4 /* Tinder */ = {
			isa = PBXGroup;
			children = (
				88B57A6E26872DD40014D9C4 /* AppDelegate.swift */,
				88B57A7026872DD40014D9C4 /* SceneDelegate.swift */,
				88B57A7726872DD50014D9C4 /* Assets.xcassets */,
				88B57A7926872DD50014D9C4 /* LaunchScreen.storyboard */,
				88B57A7C26872DD50014D9C4 /* Info.plist */,
			);
			path = Tinder;
			sourceTree = "<group>";
		};
		88B57A82268730F20014D9C4 /* Views */ = {
			isa = PBXGroup;
			children = (
				887DEE0D268A2585003101D9 /* BottomControlView.swift */,
				881E5AB826A981190077266A /* CardView.swift */,
				882D89BB268A1F5B007870F4 /* TopControlView.swift */,
				88A3C62326C116B700824FF0 /* CardInfoLabel.swift */,
				88A3C62726C17F1800824FF0 /* CardImageView.swift */,
			);
			path = Views;
			sourceTree = "<group>";
		};
		88B57A852687318A0014D9C4 /* ViewControllers */ = {
			isa = PBXGroup;
			children = (
				88B57A7226872DD40014D9C4 /* HomeViewController.swift */,
			);
			path = ViewControllers;
			sourceTree = "<group>";
		};
/* End PBXGroup section */

/* Begin PBXNativeTarget section */
		88B57A6A26872DD40014D9C4 /* Tinder */ = {
			isa = PBXNativeTarget;
			buildConfigurationList = 88B57A7F26872DD50014D9C4 /* Build configuration list for PBXNativeTarget "Tinder" */;
			buildPhases = (
				88B57A6726872DD40014D9C4 /* Sources */,
				88B57A6826872DD40014D9C4 /* Frameworks */,
				88B57A6926872DD40014D9C4 /* Resources */,
			);
			buildRules = (
			);
			dependencies = (
			);
			name = Tinder;
			packageProductDependencies = (
				884B732A2698403600BC086B /* RxSwift */,
				884B732C2698403600BC086B /* RxCocoa */,
				884B732E2698403600BC086B /* RxRelay */,
			);
			productName = Tinder;
			productReference = 88B57A6B26872DD40014D9C4 /* Tinder.app */;
			productType = "com.apple.product-type.application";
		};
/* End PBXNativeTarget section */

/* Begin PBXProject section */
		88B57A6326872DD40014D9C4 /* Project object */ = {
			isa = PBXProject;
			attributes = {
				LastSwiftUpdateCheck = 1250;
				LastUpgradeCheck = 1250;
				TargetAttributes = {
					88B57A6A26872DD40014D9C4 = {
						CreatedOnToolsVersion = 12.5.1;
					};
				};
			};
			buildConfigurationList = 88B57A6626872DD40014D9C4 /* Build configuration list for PBXProject "Tinder" */;
			compatibilityVersion = "Xcode 9.3";
			developmentRegion = en;
			hasScannedForEncodings = 0;
			knownRegions = (
				en,
				Base,
			);
			mainGroup = 88B57A6226872DD40014D9C4;
			packageReferences = (
				884B73292698403600BC086B /* XCRemoteSwiftPackageReference "RxSwift" */,
			);
			productRefGroup = 88B57A6C26872DD40014D9C4 /* Products */;
			projectDirPath = "";
			projectRoot = "";
			targets = (
				88B57A6A26872DD40014D9C4 /* Tinder */,
			);
		};
/* End PBXProject section */

/* Begin PBXResourcesBuildPhase section */
		88B57A6926872DD40014D9C4 /* Resources */ = {
			isa = PBXResourcesBuildPhase;
			buildActionMask = 2147483647;
			files = (
				88B57A7B26872DD50014D9C4 /* LaunchScreen.storyboard in Resources */,
				88B57A7826872DD50014D9C4 /* Assets.xcassets in Resources */,
			);
			runOnlyForDeploymentPostprocessing = 0;
		};
/* End PBXResourcesBuildPhase section */

/* Begin PBXSourcesBuildPhase section */
		88B57A6726872DD40014D9C4 /* Sources */ = {
			isa = PBXSourcesBuildPhase;
			buildActionMask = 2147483647;
			files = (
				887DEE0E268A2585003101D9 /* BottomControlView.swift in Sources */,
				88A93D3D2696E3AE009F3CEE /* UIImage-Extension.swift in Sources */,
				88A3C62426C116B700824FF0 /* CardInfoLabel.swift in Sources */,
				884B73492699AF8B00BC086B /* UIView・Extension.swift in Sources */,
				88B57A7326872DD40014D9C4 /* HomeViewController.swift in Sources */,
				88A3C5DC26BE527B00824FF0 /* UIColor-Extension.swift in Sources */,
				88B57A6F26872DD40014D9C4 /* AppDelegate.swift in Sources */,
				88B57A7126872DD40014D9C4 /* SceneDelegate.swift in Sources */,
				881E5AB926A981190077266A /* CardView.swift in Sources */,
				88A3C62626C17D3F00824FF0 /* UIButton-Extension.swift in Sources */,
				88A3C62826C17F1800824FF0 /* CardImageView.swift in Sources */,
				882D89BC268A1F5B007870F4 /* TopControlView.swift in Sources */,
			);
			runOnlyForDeploymentPostprocessing = 0;
		};
/* End PBXSourcesBuildPhase section */

/* Begin PBXVariantGroup section */
		88B57A7926872DD50014D9C4 /* LaunchScreen.storyboard */ = {
			isa = PBXVariantGroup;
			children = (
				88B57A7A26872DD50014D9C4 /* Base */,
			);
			name = LaunchScreen.storyboard;
			sourceTree = "<group>";
		};
/* End PBXVariantGroup section */

/* Begin XCBuildConfiguration section */
		88B57A7D26872DD50014D9C4 /* Debug */ = {
			isa = XCBuildConfiguration;
			buildSettings = {
				ALWAYS_SEARCH_USER_PATHS = NO;
				CLANG_ANALYZER_NONNULL = YES;
				CLANG_ANALYZER_NUMBER_OBJECT_CONVERSION = YES_AGGRESSIVE;
				CLANG_CXX_LANGUAGE_STANDARD = "gnu++14";
				CLANG_CXX_LIBRARY = "libc++";
				CLANG_ENABLE_MODULES = YES;
				CLANG_ENABLE_OBJC_ARC = YES;
				CLANG_ENABLE_OBJC_WEAK = YES;
				CLANG_WARN_BLOCK_CAPTURE_AUTORELEASING = YES;
				CLANG_WARN_BOOL_CONVERSION = YES;
				CLANG_WARN_COMMA = YES;
				CLANG_WARN_CONSTANT_CONVERSION = YES;
				CLANG_WARN_DEPRECATED_OBJC_IMPLEMENTATIONS = YES;
				CLANG_WARN_DIRECT_OBJC_ISA_USAGE = YES_ERROR;
				CLANG_WARN_DOCUMENTATION_COMMENTS = YES;
				CLANG_WARN_EMPTY_BODY = YES;
				CLANG_WARN_ENUM_CONVERSION = YES;
				CLANG_WARN_INFINITE_RECURSION = YES;
				CLANG_WARN_INT_CONVERSION = YES;
				CLANG_WARN_NON_LITERAL_NULL_CONVERSION = YES;
				CLANG_WARN_OBJC_IMPLICIT_RETAIN_SELF = YES;
				CLANG_WARN_OBJC_LITERAL_CONVERSION = YES;
				CLANG_WARN_OBJC_ROOT_CLASS = YES_ERROR;
				CLANG_WARN_QUOTED_INCLUDE_IN_FRAMEWORK_HEADER = YES;
				CLANG_WARN_RANGE_LOOP_ANALYSIS = YES;
				CLANG_WARN_STRICT_PROTOTYPES = YES;
				CLANG_WARN_SUSPICIOUS_MOVE = YES;
				CLANG_WARN_UNGUARDED_AVAILABILITY = YES_AGGRESSIVE;
				CLANG_WARN_UNREACHABLE_CODE = YES;
				CLANG_WARN__DUPLICATE_METHOD_MATCH = YES;
				COPY_PHASE_STRIP = NO;
				DEBUG_INFORMATION_FORMAT = dwarf;
				ENABLE_STRICT_OBJC_MSGSEND = YES;
				ENABLE_TESTABILITY = YES;
				GCC_C_LANGUAGE_STANDARD = gnu11;
				GCC_DYNAMIC_NO_PIC = NO;
				GCC_NO_COMMON_BLOCKS = YES;
				GCC_OPTIMIZATION_LEVEL = 0;
				GCC_PREPROCESSOR_DEFINITIONS = (
					"DEBUG=1",
					"$(inherited)",
				);
				GCC_WARN_64_TO_32_BIT_CONVERSION = YES;
				GCC_WARN_ABOUT_RETURN_TYPE = YES_ERROR;
				GCC_WARN_UNDECLARED_SELECTOR = YES;
				GCC_WARN_UNINITIALIZED_AUTOS = YES_AGGRESSIVE;
				GCC_WARN_UNUSED_FUNCTION = YES;
				GCC_WARN_UNUSED_VARIABLE = YES;
				IPHONEOS_DEPLOYMENT_TARGET = 14.5;
				MTL_ENABLE_DEBUG_INFO = INCLUDE_SOURCE;
				MTL_FAST_MATH = YES;
				ONLY_ACTIVE_ARCH = YES;
				SDKROOT = iphoneos;
				SWIFT_ACTIVE_COMPILATION_CONDITIONS = DEBUG;
				SWIFT_OPTIMIZATION_LEVEL = "-Onone";
			};
			name = Debug;
		};
		88B57A7E26872DD50014D9C4 /* Release */ = {
			isa = XCBuildConfiguration;
			buildSettings = {
				ALWAYS_SEARCH_USER_PATHS = NO;
				CLANG_ANALYZER_NONNULL = YES;
				CLANG_ANALYZER_NUMBER_OBJECT_CONVERSION = YES_AGGRESSIVE;
				CLANG_CXX_LANGUAGE_STANDARD = "gnu++14";
				CLANG_CXX_LIBRARY = "libc++";
				CLANG_ENABLE_MODULES = YES;
				CLANG_ENABLE_OBJC_ARC = YES;
				CLANG_ENABLE_OBJC_WEAK = YES;
				CLANG_WARN_BLOCK_CAPTURE_AUTORELEASING = YES;
				CLANG_WARN_BOOL_CONVERSION = YES;
				CLANG_WARN_COMMA = YES;
				CLANG_WARN_CONSTANT_CONVERSION = YES;
				CLANG_WARN_DEPRECATED_OBJC_IMPLEMENTATIONS = YES;
				CLANG_WARN_DIRECT_OBJC_ISA_USAGE = YES_ERROR;
				CLANG_WARN_DOCUMENTATION_COMMENTS = YES;
				CLANG_WARN_EMPTY_BODY = YES;
				CLANG_WARN_ENUM_CONVERSION = YES;
				CLANG_WARN_INFINITE_RECURSION = YES;
				CLANG_WARN_INT_CONVERSION = YES;
				CLANG_WARN_NON_LITERAL_NULL_CONVERSION = YES;
				CLANG_WARN_OBJC_IMPLICIT_RETAIN_SELF = YES;
				CLANG_WARN_OBJC_LITERAL_CONVERSION = YES;
				CLANG_WARN_OBJC_ROOT_CLASS = YES_ERROR;
				CLANG_WARN_QUOTED_INCLUDE_IN_FRAMEWORK_HEADER = YES;
				CLANG_WARN_RANGE_LOOP_ANALYSIS = YES;
				CLANG_WARN_STRICT_PROTOTYPES = YES;
				CLANG_WARN_SUSPICIOUS_MOVE = YES;
				CLANG_WARN_UNGUARDED_AVAILABILITY = YES_AGGRESSIVE;
				CLANG_WARN_UNREACHABLE_CODE = YES;
				CLANG_WARN__DUPLICATE_METHOD_MATCH = YES;
				COPY_PHASE_STRIP = NO;
				DEBUG_INFORMATION_FORMAT = "dwarf-with-dsym";
				ENABLE_NS_ASSERTIONS = NO;
				ENABLE_STRICT_OBJC_MSGSEND = YES;
				GCC_C_LANGUAGE_STANDARD = gnu11;
				GCC_NO_COMMON_BLOCKS = YES;
				GCC_WARN_64_TO_32_BIT_CONVERSION = YES;
				GCC_WARN_ABOUT_RETURN_TYPE = YES_ERROR;
				GCC_WARN_UNDECLARED_SELECTOR = YES;
				GCC_WARN_UNINITIALIZED_AUTOS = YES_AGGRESSIVE;
				GCC_WARN_UNUSED_FUNCTION = YES;
				GCC_WARN_UNUSED_VARIABLE = YES;
				IPHONEOS_DEPLOYMENT_TARGET = 14.5;
				MTL_ENABLE_DEBUG_INFO = NO;
				MTL_FAST_MATH = YES;
				SDKROOT = iphoneos;
				SWIFT_COMPILATION_MODE = wholemodule;
				SWIFT_OPTIMIZATION_LEVEL = "-O";
				VALIDATE_PRODUCT = YES;
			};
			name = Release;
		};
		88B57A8026872DD50014D9C4 /* Debug */ = {
			isa = XCBuildConfiguration;
			buildSettings = {
				ASSETCATALOG_COMPILER_APPICON_NAME = AppIcon;
				ASSETCATALOG_COMPILER_GLOBAL_ACCENT_COLOR_NAME = AccentColor;
				CODE_SIGN_STYLE = Automatic;
				INFOPLIST_FILE = Tinder/Info.plist;
				LD_RUNPATH_SEARCH_PATHS = (
					"$(inherited)",
					"@executable_path/Frameworks",
				);
				PRODUCT_BUNDLE_IDENTIFIER = net.tsumugi.Tinder;
				PRODUCT_NAME = "$(TARGET_NAME)";
				SWIFT_VERSION = 5.0;
				TARGETED_DEVICE_FAMILY = "1,2";
			};
			name = Debug;
		};
		88B57A8126872DD50014D9C4 /* Release */ = {
			isa = XCBuildConfiguration;
			buildSettings = {
				ASSETCATALOG_COMPILER_APPICON_NAME = AppIcon;
				ASSETCATALOG_COMPILER_GLOBAL_ACCENT_COLOR_NAME = AccentColor;
				CODE_SIGN_STYLE = Automatic;
				INFOPLIST_FILE = Tinder/Info.plist;
				LD_RUNPATH_SEARCH_PATHS = (
					"$(inherited)",
					"@executable_path/Frameworks",
				);
				PRODUCT_BUNDLE_IDENTIFIER = net.tsumugi.Tinder;
				PRODUCT_NAME = "$(TARGET_NAME)";
				SWIFT_VERSION = 5.0;
				TARGETED_DEVICE_FAMILY = "1,2";
			};
			name = Release;
		};
/* End XCBuildConfiguration section */

/* Begin XCConfigurationList section */
		88B57A6626872DD40014D9C4 /* Build configuration list for PBXProject "Tinder" */ = {
			isa = XCConfigurationList;
			buildConfigurations = (
				88B57A7D26872DD50014D9C4 /* Debug */,
				88B57A7E26872DD50014D9C4 /* Release */,
			);
			defaultConfigurationIsVisible = 0;
			defaultConfigurationName = Release;
		};
		88B57A7F26872DD50014D9C4 /* Build configuration list for PBXNativeTarget "Tinder" */ = {
			isa = XCConfigurationList;
			buildConfigurations = (
				88B57A8026872DD50014D9C4 /* Debug */,
				88B57A8126872DD50014D9C4 /* Release */,
			);
			defaultConfigurationIsVisible = 0;
			defaultConfigurationName = Release;
		};
/* End XCConfigurationList section */

/* Begin XCRemoteSwiftPackageReference section */
		884B73292698403600BC086B /* XCRemoteSwiftPackageReference "RxSwift" */ = {
			isa = XCRemoteSwiftPackageReference;
			repositoryURL = "https://github.com/ReactiveX/RxSwift";
			requirement = {
				kind = exactVersion;
				version = 6.0.0;
			};
		};
/* End XCRemoteSwiftPackageReference section */

/* Begin XCSwiftPackageProductDependency section */
		884B732A2698403600BC086B /* RxSwift */ = {
			isa = XCSwiftPackageProductDependency;
			package = 884B73292698403600BC086B /* XCRemoteSwiftPackageReference "RxSwift" */;
			productName = RxSwift;
		};
		884B732C2698403600BC086B /* RxCocoa */ = {
			isa = XCSwiftPackageProductDependency;
			package = 884B73292698403600BC086B /* XCRemoteSwiftPackageReference "RxSwift" */;
			productName = RxCocoa;
		};
		884B732E2698403600BC086B /* RxRelay */ = {
			isa = XCSwiftPackageProductDependency;
			package = 884B73292698403600BC086B /* XCRemoteSwiftPackageReference "RxSwift" */;
			productName = RxRelay;
		};
/* End XCSwiftPackageProductDependency section */
	};
	rootObject = 88B57A6326872DD40014D9C4 /* Project object */;
}
